
Microsoft Visual Studio Solution File, Format Version 12.00
# Visual Studio Version 17
VisualStudioVersion = 17.0.31903.59
MinimumVisualStudioVersion = 10.0.40219.1
Project("{2150E333-8FDC-42A3-9474-1A3956D46DE8}") = "src", "src", "{42CA6B63-48BF-439F-8402-F53C092D2711}"
EndProject
Project("{FAE04EC0-301F-11D3-BF4B-00C04F79EFBC}") = "Agent.Core", "src\Agent.Core\Agent.Core.csproj", "{0B8C93BE-DF72-47C9-B6B6-51E5B7265A63}"
EndProject
Project("{FAE04EC0-301F-11D3-BF4B-00C04F79EFBC}") = "Agent.Tools", "src\Agent.Tools\Agent.Tools.csproj", "{2853F903-0EC5-40F0-B048-895FDDFC1EA5}"
EndProject
Project("{2150E333-8FDC-42A3-9474-1A3956D46DE8}") = "tests", "tests", "{65F1B487-076D-411A-B740-0A988D6C7A82}"
EndProject
Project("{FAE04EC0-301F-11D3-BF4B-00C04F79EFBC}") = "Agent.Core.Tests", "tests\Agent.Core.Tests\Agent.Core.Tests.csproj", "{E9BA37DF-18B4-4DA0-8626-C3CBBD77011A}"
EndProject
Project("{FAE04EC0-301F-11D3-BF4B-00C04F79EFBC}") = "Agent.Tools.Tests", "tests\Agent.Tools.Tests\Agent.Tools.Tests.csproj", "{945A0949-17B7-459A-836D-84B8BAA3135D}"
EndProject
Project("{FAE04EC0-301F-11D3-BF4B-00C04F79EFBC}") = "Agent.Registry", "src\Agent.Registry\Agent.Registry.csproj", "{35E0C6E2-35E6-44EF-839E-E932F2C55143}"
EndProject
Project("{FAE04EC0-301F-11D3-BF4B-00C04F79EFBC}") = "Agent.Registry.Tests", "tests\Agent.Registry.Tests\Agent.Registry.Tests.csproj", "{B5C7E9AE-2515-4472-9388-495864D00B73}"
EndProject
Project("{FAE04EC0-301F-11D3-BF4B-00C04F79EFBC}") = "Agent.AI", "src\Agent.AI\Agent.AI.csproj", "{0821261F-4A2C-4FD1-9C18-8CE33C499033}"
EndProject
Project("{FAE04EC0-301F-11D3-BF4B-00C04F79EFBC}") = "Agent.AI.Tests", "tests\Agent.AI.Tests\Agent.AI.Tests.csproj", "{09F175A5-FE88-4DF5-9644-AB2386CB165B}"
EndProject
Project("{FAE04EC0-301F-11D3-BF4B-00C04F79EFBC}") = "Agent.DI", "src\Agent.DI\Agent.DI.csproj", "{62B7E769-D274-4D8D-9BF0-3AE655E7B9A5}"
EndProject
Project("{FAE04EC0-301F-11D3-BF4B-00C04F79EFBC}") = "Agent.DI.Tests", "tests\Agent.DI.Tests\Agent.DI.Tests.csproj", "{49BFBCE5-4B0A-46D7-9EDA-EBE1C69DFD25}"
EndProject
Project("{FAE04EC0-301F-11D3-BF4B-00C04F79EFBC}") = "Agent.Tools.Samples", "src\Agent.Tools.Samples\Agent.Tools.Samples.csproj", "{FAB8F093-C110-4809-B004-FF2784F25934}"
EndProject
Project("{FAE04EC0-301F-11D3-BF4B-00C04F79EFBC}") = "Agent.Tools.Samples.Tests", "tests\Agent.Tools.Samples.Tests\Agent.Tools.Samples.Tests.csproj", "{DADA2953-1ECB-4E1D-BE28-EFABFCEBF37B}"
EndProject
Project("{FAE04EC0-301F-11D3-BF4B-00C04F79EFBC}") = "Agent.Communication", "src\Agent.Communication\Agent.Communication.csproj", "{787F3253-24CC-45D5-8B55-D1EE45334A7B}"
EndProject
Project("{FAE04EC0-301F-11D3-BF4B-00C04F79EFBC}") = "Agent.Orchestration", "src\Agent.Orchestration\Agent.Orchestration.csproj", "{B5A4035C-43BB-4053-8D41-9FFCAE096236}"
EndProject
Project("{FAE04EC0-301F-11D3-BF4B-00C04F79EFBC}") = "Agent.Orchestration.Tests", "tests\Agent.Orchestration.Tests\Agent.Orchestration.Tests.csproj", "{0943D6ED-34E9-470C-AA73-A006923D55F9}"
EndProject
Project("{FAE04EC0-301F-11D3-BF4B-00C04F79EFBC}") = "Agent.Configuration", "src\Agent.Configuration\Agent.Configuration.csproj", "{57FD286B-7E85-4E3A-A968-2C92392A3A42}"
EndProject
Project("{FAE04EC0-301F-11D3-BF4B-00C04F79EFBC}") = "Agent.Observability", "src\Agent.Observability\Agent.Observability.csproj", "{09D826C4-8C89-4668-939B-A58AF0FE950C}"
EndProject
Project("{FAE04EC0-301F-11D3-BF4B-00C04F79EFBC}") = "Agent.Configuration.Tests", "tests\Agent.Configuration.Tests\Agent.Configuration.Tests.csproj", "{D2C6CC33-4364-4A4F-AD7D-BC30168DDB3B}"
EndProject
Project("{FAE04EC0-301F-11D3-BF4B-00C04F79EFBC}") = "Agent.Observability.Tests", "tests\Agent.Observability.Tests\Agent.Observability.Tests.csproj", "{DB2669DA-3895-489B-B9BC-19CA123454F4}"
EndProject
Project("{2150E333-8FDC-42A3-9474-1A3956D46DE8}") = "Integration", "Integration", "{14CD6CCB-F33C-47E0-B508-5DC254D04CA2}"
EndProject
Project("{FAE04EC0-301F-11D3-BF4B-00C04F79EFBC}") = "Agent.Integration.Tests", "tests\Integration\Agent.Integration.Tests\Agent.Integration.Tests.csproj", "{C307295D-5F62-42C0-94E5-DC1C02CDCDD4}"
EndProject
Project("{2150E333-8FDC-42A3-9474-1A3956D46DE8}") = "Performance", "Performance", "{8176AC00-5BB3-4A62-9C2D-F1742A2BC36B}"
EndProject
Project("{FAE04EC0-301F-11D3-BF4B-00C04F79EFBC}") = "Agent.Performance.Tests", "tests\Performance\Agent.Performance.Tests\Agent.Performance.Tests.csproj", "{3CA24FD5-0D55-4F6D-9649-259307C28694}"
EndProject
Project("{FAE04EC0-301F-11D3-BF4B-00C04F79EFBC}") = "Agent.Security", "src\Agent.Security\Agent.Security.csproj", "{0E4D19AC-0234-41C1-8C84-817D7933E231}"
EndProject
Project("{FAE04EC0-301F-11D3-BF4B-00C04F79EFBC}") = "Agent.Security.Tests", "tests\Agent.Security.Tests\Agent.Security.Tests.csproj", "{B4E872ED-0242-43F2-BD44-CA7415D0AFC3}"
EndProject
Global
	GlobalSection(SolutionConfigurationPlatforms) = preSolution
		Debug|Any CPU = Debug|Any CPU
		Release|Any CPU = Release|Any CPU
	EndGlobalSection
	GlobalSection(SolutionProperties) = preSolution
		HideSolutionNode = FALSE
	EndGlobalSection
	GlobalSection(ProjectConfigurationPlatforms) = postSolution
		{0B8C93BE-DF72-47C9-B6B6-51E5B7265A63}.Debug|Any CPU.ActiveCfg = Debug|Any CPU
		{0B8C93BE-DF72-47C9-B6B6-51E5B7265A63}.Debug|Any CPU.Build.0 = Debug|Any CPU
		{0B8C93BE-DF72-47C9-B6B6-51E5B7265A63}.Release|Any CPU.ActiveCfg = Release|Any CPU
		{0B8C93BE-DF72-47C9-B6B6-51E5B7265A63}.Release|Any CPU.Build.0 = Release|Any CPU
		{2853F903-0EC5-40F0-B048-895FDDFC1EA5}.Debug|Any CPU.ActiveCfg = Debug|Any CPU
		{2853F903-0EC5-40F0-B048-895FDDFC1EA5}.Debug|Any CPU.Build.0 = Debug|Any CPU
		{2853F903-0EC5-40F0-B048-895FDDFC1EA5}.Release|Any CPU.ActiveCfg = Release|Any CPU
		{2853F903-0EC5-40F0-B048-895FDDFC1EA5}.Release|Any CPU.Build.0 = Release|Any CPU
		{E9BA37DF-18B4-4DA0-8626-C3CBBD77011A}.Debug|Any CPU.ActiveCfg = Debug|Any CPU
		{E9BA37DF-18B4-4DA0-8626-C3CBBD77011A}.Debug|Any CPU.Build.0 = Debug|Any CPU
		{E9BA37DF-18B4-4DA0-8626-C3CBBD77011A}.Release|Any CPU.ActiveCfg = Release|Any CPU
		{E9BA37DF-18B4-4DA0-8626-C3CBBD77011A}.Release|Any CPU.Build.0 = Release|Any CPU
		{945A0949-17B7-459A-836D-84B8BAA3135D}.Debug|Any CPU.ActiveCfg = Debug|Any CPU
		{945A0949-17B7-459A-836D-84B8BAA3135D}.Debug|Any CPU.Build.0 = Debug|Any CPU
		{945A0949-17B7-459A-836D-84B8BAA3135D}.Release|Any CPU.ActiveCfg = Release|Any CPU
		{945A0949-17B7-459A-836D-84B8BAA3135D}.Release|Any CPU.Build.0 = Release|Any CPU
		{35E0C6E2-35E6-44EF-839E-E932F2C55143}.Debug|Any CPU.ActiveCfg = Debug|Any CPU
		{35E0C6E2-35E6-44EF-839E-E932F2C55143}.Debug|Any CPU.Build.0 = Debug|Any CPU
		{35E0C6E2-35E6-44EF-839E-E932F2C55143}.Release|Any CPU.ActiveCfg = Release|Any CPU
		{35E0C6E2-35E6-44EF-839E-E932F2C55143}.Release|Any CPU.Build.0 = Release|Any CPU
		{B5C7E9AE-2515-4472-9388-495864D00B73}.Debug|Any CPU.ActiveCfg = Debug|Any CPU
		{B5C7E9AE-2515-4472-9388-495864D00B73}.Debug|Any CPU.Build.0 = Debug|Any CPU
		{B5C7E9AE-2515-4472-9388-495864D00B73}.Release|Any CPU.ActiveCfg = Release|Any CPU
		{B5C7E9AE-2515-4472-9388-495864D00B73}.Release|Any CPU.Build.0 = Release|Any CPU
		{0821261F-4A2C-4FD1-9C18-8CE33C499033}.Debug|Any CPU.ActiveCfg = Debug|Any CPU
		{0821261F-4A2C-4FD1-9C18-8CE33C499033}.Debug|Any CPU.Build.0 = Debug|Any CPU
		{0821261F-4A2C-4FD1-9C18-8CE33C499033}.Release|Any CPU.ActiveCfg = Release|Any CPU
		{0821261F-4A2C-4FD1-9C18-8CE33C499033}.Release|Any CPU.Build.0 = Release|Any CPU
		{09F175A5-FE88-4DF5-9644-AB2386CB165B}.Debug|Any CPU.ActiveCfg = Debug|Any CPU
		{09F175A5-FE88-4DF5-9644-AB2386CB165B}.Debug|Any CPU.Build.0 = Debug|Any CPU
		{09F175A5-FE88-4DF5-9644-AB2386CB165B}.Release|Any CPU.ActiveCfg = Release|Any CPU
		{09F175A5-FE88-4DF5-9644-AB2386CB165B}.Release|Any CPU.Build.0 = Release|Any CPU
		{62B7E769-D274-4D8D-9BF0-3AE655E7B9A5}.Debug|Any CPU.ActiveCfg = Debug|Any CPU
		{62B7E769-D274-4D8D-9BF0-3AE655E7B9A5}.Debug|Any CPU.Build.0 = Debug|Any CPU
		{62B7E769-D274-4D8D-9BF0-3AE655E7B9A5}.Release|Any CPU.ActiveCfg = Release|Any CPU
		{62B7E769-D274-4D8D-9BF0-3AE655E7B9A5}.Release|Any CPU.Build.0 = Release|Any CPU
		{49BFBCE5-4B0A-46D7-9EDA-EBE1C69DFD25}.Debug|Any CPU.ActiveCfg = Debug|Any CPU
		{49BFBCE5-4B0A-46D7-9EDA-EBE1C69DFD25}.Debug|Any CPU.Build.0 = Debug|Any CPU
		{49BFBCE5-4B0A-46D7-9EDA-EBE1C69DFD25}.Release|Any CPU.ActiveCfg = Release|Any CPU
		{49BFBCE5-4B0A-46D7-9EDA-EBE1C69DFD25}.Release|Any CPU.Build.0 = Release|Any CPU
		{FAB8F093-C110-4809-B004-FF2784F25934}.Debug|Any CPU.ActiveCfg = Debug|Any CPU
		{FAB8F093-C110-4809-B004-FF2784F25934}.Debug|Any CPU.Build.0 = Debug|Any CPU
		{FAB8F093-C110-4809-B004-FF2784F25934}.Release|Any CPU.ActiveCfg = Release|Any CPU
		{FAB8F093-C110-4809-B004-FF2784F25934}.Release|Any CPU.Build.0 = Release|Any CPU
		{DADA2953-1ECB-4E1D-BE28-EFABFCEBF37B}.Debug|Any CPU.ActiveCfg = Debug|Any CPU
		{DADA2953-1ECB-4E1D-BE28-EFABFCEBF37B}.Debug|Any CPU.Build.0 = Debug|Any CPU
		{DADA2953-1ECB-4E1D-BE28-EFABFCEBF37B}.Release|Any CPU.ActiveCfg = Release|Any CPU
		{DADA2953-1ECB-4E1D-BE28-EFABFCEBF37B}.Release|Any CPU.Build.0 = Release|Any CPU
		{787F3253-24CC-45D5-8B55-D1EE45334A7B}.Debug|Any CPU.ActiveCfg = Debug|Any CPU
		{787F3253-24CC-45D5-8B55-D1EE45334A7B}.Debug|Any CPU.Build.0 = Debug|Any CPU
		{787F3253-24CC-45D5-8B55-D1EE45334A7B}.Release|Any CPU.ActiveCfg = Release|Any CPU
		{787F3253-24CC-45D5-8B55-D1EE45334A7B}.Release|Any CPU.Build.0 = Release|Any CPU
		{B5A4035C-43BB-4053-8D41-9FFCAE096236}.Debug|Any CPU.ActiveCfg = Debug|Any CPU
		{B5A4035C-43BB-4053-8D41-9FFCAE096236}.Debug|Any CPU.Build.0 = Debug|Any CPU
		{B5A4035C-43BB-4053-8D41-9FFCAE096236}.Release|Any CPU.ActiveCfg = Release|Any CPU
		{B5A4035C-43BB-4053-8D41-9FFCAE096236}.Release|Any CPU.Build.0 = Release|Any CPU
		{0943D6ED-34E9-470C-AA73-A006923D55F9}.Debug|Any CPU.ActiveCfg = Debug|Any CPU
		{0943D6ED-34E9-470C-AA73-A006923D55F9}.Debug|Any CPU.Build.0 = Debug|Any CPU
		{0943D6ED-34E9-470C-AA73-A006923D55F9}.Release|Any CPU.ActiveCfg = Release|Any CPU
		{0943D6ED-34E9-470C-AA73-A006923D55F9}.Release|Any CPU.Build.0 = Release|Any CPU
		{57FD286B-7E85-4E3A-A968-2C92392A3A42}.Debug|Any CPU.ActiveCfg = Debug|Any CPU
		{57FD286B-7E85-4E3A-A968-2C92392A3A42}.Debug|Any CPU.Build.0 = Debug|Any CPU
		{57FD286B-7E85-4E3A-A968-2C92392A3A42}.Release|Any CPU.ActiveCfg = Release|Any CPU
		{57FD286B-7E85-4E3A-A968-2C92392A3A42}.Release|Any CPU.Build.0 = Release|Any CPU
		{09D826C4-8C89-4668-939B-A58AF0FE950C}.Debug|Any CPU.ActiveCfg = Debug|Any CPU
		{09D826C4-8C89-4668-939B-A58AF0FE950C}.Debug|Any CPU.Build.0 = Debug|Any CPU
		{09D826C4-8C89-4668-939B-A58AF0FE950C}.Release|Any CPU.ActiveCfg = Release|Any CPU
		{09D826C4-8C89-4668-939B-A58AF0FE950C}.Release|Any CPU.Build.0 = Release|Any CPU
		{D2C6CC33-4364-4A4F-AD7D-BC30168DDB3B}.Debug|Any CPU.ActiveCfg = Debug|Any CPU
		{D2C6CC33-4364-4A4F-AD7D-BC30168DDB3B}.Debug|Any CPU.Build.0 = Debug|Any CPU
		{D2C6CC33-4364-4A4F-AD7D-BC30168DDB3B}.Release|Any CPU.ActiveCfg = Release|Any CPU
		{D2C6CC33-4364-4A4F-AD7D-BC30168DDB3B}.Release|Any CPU.Build.0 = Release|Any CPU
		{DB2669DA-3895-489B-B9BC-19CA123454F4}.Debug|Any CPU.ActiveCfg = Debug|Any CPU
		{DB2669DA-3895-489B-B9BC-19CA123454F4}.Debug|Any CPU.Build.0 = Debug|Any CPU
		{DB2669DA-3895-489B-B9BC-19CA123454F4}.Release|Any CPU.ActiveCfg = Release|Any CPU
		{DB2669DA-3895-489B-B9BC-19CA123454F4}.Release|Any CPU.Build.0 = Release|Any CPU
		{C307295D-5F62-42C0-94E5-DC1C02CDCDD4}.Debug|Any CPU.ActiveCfg = Debug|Any CPU
		{C307295D-5F62-42C0-94E5-DC1C02CDCDD4}.Debug|Any CPU.Build.0 = Debug|Any CPU
		{C307295D-5F62-42C0-94E5-DC1C02CDCDD4}.Release|Any CPU.ActiveCfg = Release|Any CPU
		{C307295D-5F62-42C0-94E5-DC1C02CDCDD4}.Release|Any CPU.Build.0 = Release|Any CPU
		{3CA24FD5-0D55-4F6D-9649-259307C28694}.Debug|Any CPU.ActiveCfg = Debug|Any CPU
		{3CA24FD5-0D55-4F6D-9649-259307C28694}.Debug|Any CPU.Build.0 = Debug|Any CPU
		{3CA24FD5-0D55-4F6D-9649-259307C28694}.Release|Any CPU.ActiveCfg = Release|Any CPU
		{3CA24FD5-0D55-4F6D-9649-259307C28694}.Release|Any CPU.Build.0 = Release|Any CPU
		{0E4D19AC-0234-41C1-8C84-817D7933E231}.Debug|Any CPU.ActiveCfg = Debug|Any CPU
		{0E4D19AC-0234-41C1-8C84-817D7933E231}.Debug|Any CPU.Build.0 = Debug|Any CPU
		{0E4D19AC-0234-41C1-8C84-817D7933E231}.Release|Any CPU.ActiveCfg = Release|Any CPU
		{0E4D19AC-0234-41C1-8C84-817D7933E231}.Release|Any CPU.Build.0 = Release|Any CPU
		{B4E872ED-0242-43F2-BD44-CA7415D0AFC3}.Debug|Any CPU.ActiveCfg = Debug|Any CPU
		{B4E872ED-0242-43F2-BD44-CA7415D0AFC3}.Debug|Any CPU.Build.0 = Debug|Any CPU
		{B4E872ED-0242-43F2-BD44-CA7415D0AFC3}.Release|Any CPU.ActiveCfg = Release|Any CPU
		{B4E872ED-0242-43F2-BD44-CA7415D0AFC3}.Release|Any CPU.Build.0 = Release|Any CPU
	EndGlobalSection
	GlobalSection(NestedProjects) = preSolution
		{0B8C93BE-DF72-47C9-B6B6-51E5B7265A63} = {42CA6B63-48BF-439F-8402-F53C092D2711}
		{2853F903-0EC5-40F0-B048-895FDDFC1EA5} = {42CA6B63-48BF-439F-8402-F53C092D2711}
		{E9BA37DF-18B4-4DA0-8626-C3CBBD77011A} = {65F1B487-076D-411A-B740-0A988D6C7A82}
		{945A0949-17B7-459A-836D-84B8BAA3135D} = {65F1B487-076D-411A-B740-0A988D6C7A82}
		{35E0C6E2-35E6-44EF-839E-E932F2C55143} = {42CA6B63-48BF-439F-8402-F53C092D2711}
		{B5C7E9AE-2515-4472-9388-495864D00B73} = {65F1B487-076D-411A-B740-0A988D6C7A82}
		{0821261F-4A2C-4FD1-9C18-8CE33C499033} = {42CA6B63-48BF-439F-8402-F53C092D2711}
		{09F175A5-FE88-4DF5-9644-AB2386CB165B} = {65F1B487-076D-411A-B740-0A988D6C7A82}
		{62B7E769-D274-4D8D-9BF0-3AE655E7B9A5} = {42CA6B63-48BF-439F-8402-F53C092D2711}
		{49BFBCE5-4B0A-46D7-9EDA-EBE1C69DFD25} = {65F1B487-076D-411A-B740-0A988D6C7A82}
		{FAB8F093-C110-4809-B004-FF2784F25934} = {42CA6B63-48BF-439F-8402-F53C092D2711}
		{DADA2953-1ECB-4E1D-BE28-EFABFCEBF37B} = {65F1B487-076D-411A-B740-0A988D6C7A82}
		{787F3253-24CC-45D5-8B55-D1EE45334A7B} = {42CA6B63-48BF-439F-8402-F53C092D2711}
		{B5A4035C-43BB-4053-8D41-9FFCAE096236} = {42CA6B63-48BF-439F-8402-F53C092D2711}
		{0943D6ED-34E9-470C-AA73-A006923D55F9} = {65F1B487-076D-411A-B740-0A988D6C7A82}
		{57FD286B-7E85-4E3A-A968-2C92392A3A42} = {42CA6B63-48BF-439F-8402-F53C092D2711}
		{09D826C4-8C89-4668-939B-A58AF0FE950C} = {42CA6B63-48BF-439F-8402-F53C092D2711}
		{D2C6CC33-4364-4A4F-AD7D-BC30168DDB3B} = {65F1B487-076D-411A-B740-0A988D6C7A82}
		{DB2669DA-3895-489B-B9BC-19CA123454F4} = {65F1B487-076D-411A-B740-0A988D6C7A82}
		{14CD6CCB-F33C-47E0-B508-5DC254D04CA2} = {65F1B487-076D-411A-B740-0A988D6C7A82}
		{C307295D-5F62-42C0-94E5-DC1C02CDCDD4} = {14CD6CCB-F33C-47E0-B508-5DC254D04CA2}
		{8176AC00-5BB3-4A62-9C2D-F1742A2BC36B} = {65F1B487-076D-411A-B740-0A988D6C7A82}
		{3CA24FD5-0D55-4F6D-9649-259307C28694} = {8176AC00-5BB3-4A62-9C2D-F1742A2BC36B}
		{0E4D19AC-0234-41C1-8C84-817D7933E231} = {42CA6B63-48BF-439F-8402-F53C092D2711}
		{B4E872ED-0242-43F2-BD44-CA7415D0AFC3} = {65F1B487-076D-411A-B740-0A988D6C7A82}
	EndGlobalSection
EndGlobal
